{
    "_meta": {
        "hash": {
            "sha256": "e62f85edb36954d59a8efde5075a74d87d010f89b539e4dd505e178a4f09ffad"
        },
        "pipfile-spec": 6,
        "requires": {
            "python_version": "3.11"
        },
        "sources": [
            {
                "name": "pypi",
                "url": "https://pypi.org/simple",
                "verify_ssl": true
            }
        ]
    },
    "default": {
        "dependabot-impl-poc": {
            "editable": true,
            "path": "."
        }
    },
    "develop": {
        "dependabot-impl-poc": {
            "editable": true,
            "path": "."
        }
    }
}
