{
    "_meta": {
        "hash": {
            "sha256": "b02405ad67bf9fe60f83da3d8a223f4ea288313ed9b8b7f5fecdf30d265f291e"
        },
        "pipfile-spec": 6,
        "requires": {
            "python_version": "3.11"
        },
        "sources": [
            {
                "name": "pypi",
                "url": "https://pypi.org/simple",
                "verify_ssl": true
            }
        ]
    },
    "default": {
        "dependabot-dep-poc": {
            "git": "ssh://git@github.com/Kilka-Software/dependabot-dep-poc.git",
            "ref": "80532b246e8bdf97c61816b75cb5efc0a7014278"
        }
    },
    "develop": {}
}
